// !$*UTF8*$!
{
	archiveVersion = 1;
	classes = {
	};
	objectVersion = 46;
	objects = {

/* Begin PBXBuildFile section */
		74AAADA8147DAF19003F952E /* UIKit.framework in Frameworks */ = {isa = PBXBuildFile; fileRef = 74AAADA7147DAF19003F952E /* UIKit.framework */; };
		74AAADAA147DAF19003F952E /* Foundation.framework in Frameworks */ = {isa = PBXBuildFile; fileRef = 74AAADA9147DAF19003F952E /* Foundation.framework */; };
		74AAADAC147DAF19003F952E /* CoreGraphics.framework in Frameworks */ = {isa = PBXBuildFile; fileRef = 74AAADAB147DAF19003F952E /* CoreGraphics.framework */; };
		74AAADB2147DAF19003F952E /* InfoPlist.strings in Resources */ = {isa = PBXBuildFile; fileRef = 74AAADB0147DAF19003F952E /* InfoPlist.strings */; };
		74AAADB4147DAF19003F952E /* main.m in Sources */ = {isa = PBXBuildFile; fileRef = 74AAADB3147DAF19003F952E /* main.m */; };
		74AAADB8147DAF19003F952E /* CurrencyPickerAppDelegate.m in Sources */ = {isa = PBXBuildFile; fileRef = 74AAADB7147DAF19003F952E /* CurrencyPickerAppDelegate.m */; };
		74AAADBB147DAF19003F952E /* CurrencyPickerViewController.m in Sources */ = {isa = PBXBuildFile; fileRef = 74AAADBA147DAF19003F952E /* CurrencyPickerViewController.m */; };
		74AAADBE147DAF19003F952E /* CurrencyPickerViewController.xib in Resources */ = {isa = PBXBuildFile; fileRef = 74AAADBC147DAF19003F952E /* CurrencyPickerViewController.xib */; };
/* End PBXBuildFile section */

/* Begin PBXFileReference section */
		74AAADA3147DAF19003F952E /* CurrencyPicker.app */ = {isa = PBXFileReference; explicitFileType = wrapper.application; includeInIndex = 0; path = CurrencyPicker.app; sourceTree = BUILT_PRODUCTS_DIR; };
		74AAADA7147DAF19003F952E /* UIKit.framework */ = {isa = PBXFileReference; lastKnownFileType = wrapper.framework; name = UIKit.framework; path = System/Library/Frameworks/UIKit.framework; sourceTree = SDKROOT; };
		74AAADA9147DAF19003F952E /* Foundation.framework */ = {isa = PBXFileReference; lastKnownFileType = wrapper.framework; name = Foundation.framework; path = System/Library/Frameworks/Foundation.framework; sourceTree = SDKROOT; };
		74AAADAB147DAF19003F952E /* CoreGraphics.framework */ = {isa = PBXFileReference; lastKnownFileType = wrapper.framework; name = CoreGraphics.framework; path = System/Library/Frameworks/CoreGraphics.framework; sourceTree = SDKROOT; };
		74AAADAF147DAF19003F952E /* CurrencyPicker-Info.plist */ = {isa = PBXFileReference; lastKnownFileType = text.plist.xml; path = "CurrencyPicker-Info.plist"; sourceTree = "<group>"; };
		74AAADB1147DAF19003F952E /* en */ = {isa = PBXFileReference; lastKnownFileType = text.plist.strings; name = en; path = en.lproj/InfoPlist.strings; sourceTree = "<group>"; };
		74AAADB3147DAF19003F952E /* main.m */ = {isa = PBXFileReference; lastKnownFileType = sourcecode.c.objc; path = main.m; sourceTree = "<group>"; };
		74AAADB5147DAF19003F952E /* CurrencyPicker-Prefix.pch */ = {isa = PBXFileReference; lastKnownFileType = sourcecode.c.h; path = "CurrencyPicker-Prefix.pch"; sourceTree = "<group>"; };
		74AAADB6147DAF19003F952E /* CurrencyPickerAppDelegate.h */ = {isa = PBXFileReference; lastKnownFileType = sourcecode.c.h; path = CurrencyPickerAppDelegate.h; sourceTree = "<group>"; };
		74AAADB7147DAF19003F952E /* CurrencyPickerAppDelegate.m */ = {isa = PBXFileReference; lastKnownFileType = sourcecode.c.objc; path = CurrencyPickerAppDelegate.m; sourceTree = "<group>"; };
		74AAADB9147DAF19003F952E /* CurrencyPickerViewController.h */ = {isa = PBXFileReference; lastKnownFileType = sourcecode.c.h; path = CurrencyPickerViewController.h; sourceTree = "<group>"; };
		74AAADBA147DAF19003F952E /* CurrencyPickerViewController.m */ = {isa = PBXFileReference; lastKnownFileType = sourcecode.c.objc; path = CurrencyPickerViewController.m; sourceTree = "<group>"; };
		74AAADBD147DAF19003F952E /* en */ = {isa = PBXFileReference; lastKnownFileType = file.xib; name = en; path = en.lproj/CurrencyPickerViewController.xib; sourceTree = "<group>"; };
/* End PBXFileReference section */

/* Begin PBXFrameworksBuildPhase section */
		74AAADA0147DAF19003F952E /* Frameworks */ = {
			isa = PBXFrameworksBuildPhase;
			buildActionMask = 2147483647;
			files = (
				74AAADA8147DAF19003F952E /* UIKit.framework in Frameworks */,
				74AAADAA147DAF19003F952E /* Foundation.framework in Frameworks */,
				74AAADAC147DAF19003F952E /* CoreGraphics.framework in Frameworks */,
			);
			runOnlyForDeploymentPostprocessing = 0;
		};
/* End PBXFrameworksBuildPhase section */

/* Begin PBXGroup section */
		74AAAD98147DAF18003F952E = {
			isa = PBXGroup;
			children = (
				74AAADAD147DAF19003F952E /* CurrencyPicker */,
				74AAADA6147DAF19003F952E /* Frameworks */,
				74AAADA4147DAF19003F952E /* Products */,
			);
			sourceTree = "<group>";
		};
		74AAADA4147DAF19003F952E /* Products */ = {
			isa = PBXGroup;
			children = (
				74AAADA3147DAF19003F952E /* CurrencyPicker.app */,
			);
			name = Products;
			sourceTree = "<group>";
		};
		74AAADA6147DAF19003F952E /* Frameworks */ = {
			isa = PBXGroup;
			children = (
				74AAADA7147DAF19003F952E /* UIKit.framework */,
				74AAADA9147DAF19003F952E /* Foundation.framework */,
				74AAADAB147DAF19003F952E /* CoreGraphics.framework */,
			);
			name = Frameworks;
			sourceTree = "<group>";
		};
		74AAADAD147DAF19003F952E /* CurrencyPicker */ = {
			isa = PBXGroup;
			children = (
				74AAADB6147DAF19003F952E /* CurrencyPickerAppDelegate.h */,
				74AAADB7147DAF19003F952E /* CurrencyPickerAppDelegate.m */,
				74AAADB9147DAF19003F952E /* CurrencyPickerViewController.h */,
				74AAADBA147DAF19003F952E /* CurrencyPickerViewController.m */,
				74AAADBC147DAF19003F952E /* CurrencyPickerViewController.xib */,
				74AAADAE147DAF19003F952E /* Supporting Files */,
			);
			path = CurrencyPicker;
			sourceTree = "<group>";
		};
		74AAADAE147DAF19003F952E /* Supporting Files */ = {
			isa = PBXGroup;
			children = (
				74AAADAF147DAF19003F952E /* CurrencyPicker-Info.plist */,
				74AAADB0147DAF19003F952E /* InfoPlist.strings */,
				74AAADB3147DAF19003F952E /* main.m */,
				74AAADB5147DAF19003F952E /* CurrencyPicker-Prefix.pch */,
			);
			name = "Supporting Files";
			sourceTree = "<group>";
		};
/* End PBXGroup section */

/* Begin PBXNativeTarget section */
		74AAADA2147DAF19003F952E /* CurrencyPicker */ = {
			isa = PBXNativeTarget;
			buildConfigurationList = 74AAADC1147DAF19003F952E /* Build configuration list for PBXNativeTarget "CurrencyPicker" */;
			buildPhases = (
				74AAAD9F147DAF19003F952E /* Sources */,
				74AAADA0147DAF19003F952E /* Frameworks */,
				74AAADA1147DAF19003F952E /* Resources */,
			);
			buildRules = (
			);
			dependencies = (
			);
			name = CurrencyPicker;
			productName = CurrencyPicker;
			productReference = 74AAADA3147DAF19003F952E /* CurrencyPicker.app */;
			productType = "com.apple.product-type.application";
		};
/* End PBXNativeTarget section */

/* Begin PBXProject section */
		74AAAD9A147DAF18003F952E /* Project object */ = {
			isa = PBXProject;
			attributes = {
				LastUpgradeCheck = 0420;
			};
			buildConfigurationList = 74AAAD9D147DAF19003F952E /* Build configuration list for PBXProject "CurrencyPicker" */;
			compatibilityVersion = "Xcode 3.2";
			developmentRegion = English;
			hasScannedForEncodings = 0;
			knownRegions = (
				en,
			);
			mainGroup = 74AAAD98147DAF18003F952E;
			productRefGroup = 74AAADA4147DAF19003F952E /* Products */;
			projectDirPath = "";
			projectRoot = "";
			targets = (
				74AAADA2147DAF19003F952E /* CurrencyPicker */,
			);
		};
/* End PBXProject section */

/* Begin PBXResourcesBuildPhase section */
		74AAADA1147DAF19003F952E /* Resources */ = {
			isa = PBXResourcesBuildPhase;
			buildActionMask = 2147483647;
			files = (
				74AAADB2147DAF19003F952E /* InfoPlist.strings in Resources */,
				74AAADBE147DAF19003F952E /* CurrencyPickerViewController.xib in Resources */,
			);
			runOnlyForDeploymentPostprocessing = 0;
		};
/* End PBXResourcesBuildPhase section */

/* Begin PBXSourcesBuildPhase section */
		74AAAD9F147DAF19003F952E /* Sources */ = {
			isa = PBXSourcesBuildPhase;
			buildActionMask = 2147483647;
			files = (
				74AAADB4147DAF19003F952E /* main.m in Sources */,
				74AAADB8147DAF19003F952E /* CurrencyPickerAppDelegate.m in Sources */,
				74AAADBB147DAF19003F952E /* CurrencyPickerViewController.m in Sources */,
			);
			runOnlyForDeploymentPostprocessing = 0;
		};
/* End PBXSourcesBuildPhase section */

/* Begin PBXVariantGroup section */
		74AAADB0147DAF19003F952E /* InfoPlist.strings */ = {
			isa = PBXVariantGroup;
			children = (
				74AAADB1147DAF19003F952E /* en */,
			);
			name = InfoPlist.strings;
			sourceTree = "<group>";
		};
		74AAADBC147DAF19003F952E /* CurrencyPickerViewController.xib */ = {
			isa = PBXVariantGroup;
			children = (
				74AAADBD147DAF19003F952E /* en */,
			);
			name = CurrencyPickerViewController.xib;
			sourceTree = "<group>";
		};
/* End PBXVariantGroup section */

/* Begin XCBuildConfiguration section */
		74AAADBF147DAF19003F952E /* Debug */ = {
			isa = XCBuildConfiguration;
			buildSettings = {
				ALWAYS_SEARCH_USER_PATHS = NO;
				ARCHS = "$(ARCHS_STANDARD_32_BIT)";
				CLANG_ENABLE_OBJC_ARC = YES;
				"CODE_SIGN_IDENTITY[sdk=iphoneos*]" = "iPhone Developer";
				COPY_PHASE_STRIP = NO;
				GCC_C_LANGUAGE_STANDARD = gnu99;
				GCC_DYNAMIC_NO_PIC = NO;
				GCC_OPTIMIZATION_LEVEL = 0;
				GCC_PREPROCESSOR_DEFINITIONS = (
					"DEBUG=1",
					"$(inherited)",
				);
				GCC_SYMBOLS_PRIVATE_EXTERN = NO;
				GCC_VERSION = com.apple.compilers.llvm.clang.1_0;
				GCC_WARN_ABOUT_MISSING_PROTOTYPES = YES;
				GCC_WARN_ABOUT_RETURN_TYPE = YES;
				GCC_WARN_UNUSED_VARIABLE = YES;
				IPHONEOS_DEPLOYMENT_TARGET = 5.0;
				SDKROOT = iphoneos;
			};
			name = Debug;
		};
		74AAADC0147DAF19003F952E /* Release */ = {
			isa = XCBuildConfiguration;
			buildSettings = {
				ALWAYS_SEARCH_USER_PATHS = NO;
				ARCHS = "$(ARCHS_STANDARD_32_BIT)";
				CLANG_ENABLE_OBJC_ARC = YES;
				"CODE_SIGN_IDENTITY[sdk=iphoneos*]" = "iPhone Developer";
				COPY_PHASE_STRIP = YES;
				GCC_C_LANGUAGE_STANDARD = gnu99;
				GCC_VERSION = com.apple.compilers.llvm.clang.1_0;
				GCC_WARN_ABOUT_MISSING_PROTOTYPES = YES;
				GCC_WARN_ABOUT_RETURN_TYPE = YES;
				GCC_WARN_UNUSED_VARIABLE = YES;
				IPHONEOS_DEPLOYMENT_TARGET = 5.0;
				OTHER_CFLAGS = "-DNS_BLOCK_ASSERTIONS=1";
				SDKROOT = iphoneos;
				VALIDATE_PRODUCT = YES;
			};
			name = Release;
		};
		74AAADC2147DAF19003F952E /* Debug */ = {
			isa = XCBuildConfiguration;
			buildSettings = {
				GCC_PRECOMPILE_PREFIX_HEADER = YES;
				GCC_PREFIX_HEADER = "CurrencyPicker/CurrencyPicker-Prefix.pch";
				INFOPLIST_FILE = "CurrencyPicker/CurrencyPicker-Info.plist";
				PRODUCT_NAME = "$(TARGET_NAME)";
				WRAPPER_EXTENSION = app;
			};
			name = Debug;
		};
		74AAADC3147DAF19003F952E /* Release */ = {
			isa = XCBuildConfiguration;
			buildSettings = {
				GCC_PRECOMPILE_PREFIX_HEADER = YES;
				GCC_PREFIX_HEADER = "CurrencyPicker/CurrencyPicker-Prefix.pch";
				INFOPLIST_FILE = "CurrencyPicker/CurrencyPicker-Info.plist";
				PRODUCT_NAME = "$(TARGET_NAME)";
				WRAPPER_EXTENSION = app;
			};
			name = Release;
		};
/* End XCBuildConfiguration section */

/* Begin XCConfigurationList section */
		74AAAD9D147DAF19003F952E /* Build configuration list for PBXProject "CurrencyPicker" */ = {
			isa = XCConfigurationList;
			buildConfigurations = (
				74AAADBF147DAF19003F952E /* Debug */,
				74AAADC0147DAF19003F952E /* Release */,
			);
			defaultConfigurationIsVisible = 0;
			defaultConfigurationName = Release;
		};
		74AAADC1147DAF19003F952E /* Build configuration list for PBXNativeTarget "CurrencyPicker" */ = {
			isa = XCConfigurationList;
			buildConfigurations = (
				74AAADC2147DAF19003F952E /* Debug */,
				74AAADC3147DAF19003F952E /* Release */,
			);
			defaultConfigurationIsVisible = 0;
		};
/* End XCConfigurationList section */
	};
	rootObject = 74AAAD9A147DAF18003F952E /* Project object */;
}
