// !$*UTF8*$!
{
	archiveVersion = 1;
	classes = {
	};
	objectVersion = 46;
	objects = {

/* Begin PBXBuildFile section */
		748D78F1147AF3A6005DA8BB /* UIKit.framework in Frameworks */ = {isa = PBXBuildFile; fileRef = 748D78F0147AF3A6005DA8BB /* UIKit.framework */; };
		748D78F3147AF3A6005DA8BB /* Foundation.framework in Frameworks */ = {isa = PBXBuildFile; fileRef = 748D78F2147AF3A6005DA8BB /* Foundation.framework */; };
		748D78F5147AF3A6005DA8BB /* CoreGraphics.framework in Frameworks */ = {isa = PBXBuildFile; fileRef = 748D78F4147AF3A6005DA8BB /* CoreGraphics.framework */; };
		748D78FB147AF3A6005DA8BB /* InfoPlist.strings in Resources */ = {isa = PBXBuildFile; fileRef = 748D78F9147AF3A6005DA8BB /* InfoPlist.strings */; };
		748D78FD147AF3A6005DA8BB /* main.m in Sources */ = {isa = PBXBuildFile; fileRef = 748D78FC147AF3A6005DA8BB /* main.m */; };
		748D7901147AF3A6005DA8BB /* TableViewAppDelegate.m in Sources */ = {isa = PBXBuildFile; fileRef = 748D7900147AF3A6005DA8BB /* TableViewAppDelegate.m */; };
		74C580E1147AF4990089F1AD /* RootViewController.m in Sources */ = {isa = PBXBuildFile; fileRef = 74C580DF147AF4990089F1AD /* RootViewController.m */; };
		74C580E2147AF4990089F1AD /* RootViewController.xib in Resources */ = {isa = PBXBuildFile; fileRef = 74C580E0147AF4990089F1AD /* RootViewController.xib */; };
		74C580F7147B1D050089F1AD /* BookViewController.m in Sources */ = {isa = PBXBuildFile; fileRef = 74C580F5147B1D050089F1AD /* BookViewController.m */; };
		74C580F8147B1D050089F1AD /* BookViewController.xib in Resources */ = {isa = PBXBuildFile; fileRef = 74C580F6147B1D050089F1AD /* BookViewController.xib */; };
		74C580FF147B23CB0089F1AD /* RandomViewController.m in Sources */ = {isa = PBXBuildFile; fileRef = 74C580FD147B23CB0089F1AD /* RandomViewController.m */; };
		74C58100147B23CB0089F1AD /* RandomViewController.xib in Resources */ = {isa = PBXBuildFile; fileRef = 74C580FE147B23CB0089F1AD /* RandomViewController.xib */; };
/* End PBXBuildFile section */

/* Begin PBXFileReference section */
		748D78EC147AF3A6005DA8BB /* TableView.app */ = {isa = PBXFileReference; explicitFileType = wrapper.application; includeInIndex = 0; path = TableView.app; sourceTree = BUILT_PRODUCTS_DIR; };
		748D78F0147AF3A6005DA8BB /* UIKit.framework */ = {isa = PBXFileReference; lastKnownFileType = wrapper.framework; name = UIKit.framework; path = System/Library/Frameworks/UIKit.framework; sourceTree = SDKROOT; };
		748D78F2147AF3A6005DA8BB /* Foundation.framework */ = {isa = PBXFileReference; lastKnownFileType = wrapper.framework; name = Foundation.framework; path = System/Library/Frameworks/Foundation.framework; sourceTree = SDKROOT; };
		748D78F4147AF3A6005DA8BB /* CoreGraphics.framework */ = {isa = PBXFileReference; lastKnownFileType = wrapper.framework; name = CoreGraphics.framework; path = System/Library/Frameworks/CoreGraphics.framework; sourceTree = SDKROOT; };
		748D78F8147AF3A6005DA8BB /* TableView-Info.plist */ = {isa = PBXFileReference; lastKnownFileType = text.plist.xml; path = "TableView-Info.plist"; sourceTree = "<group>"; };
		748D78FA147AF3A6005DA8BB /* en */ = {isa = PBXFileReference; lastKnownFileType = text.plist.strings; name = en; path = en.lproj/InfoPlist.strings; sourceTree = "<group>"; };
		748D78FC147AF3A6005DA8BB /* main.m */ = {isa = PBXFileReference; lastKnownFileType = sourcecode.c.objc; path = main.m; sourceTree = "<group>"; };
		748D78FE147AF3A6005DA8BB /* TableView-Prefix.pch */ = {isa = PBXFileReference; lastKnownFileType = sourcecode.c.h; path = "TableView-Prefix.pch"; sourceTree = "<group>"; };
		748D78FF147AF3A6005DA8BB /* TableViewAppDelegate.h */ = {isa = PBXFileReference; lastKnownFileType = sourcecode.c.h; path = TableViewAppDelegate.h; sourceTree = "<group>"; };
		748D7900147AF3A6005DA8BB /* TableViewAppDelegate.m */ = {isa = PBXFileReference; lastKnownFileType = sourcecode.c.objc; path = TableViewAppDelegate.m; sourceTree = "<group>"; };
		74C580DE147AF4990089F1AD /* RootViewController.h */ = {isa = PBXFileReference; fileEncoding = 4; lastKnownFileType = sourcecode.c.h; path = RootViewController.h; sourceTree = "<group>"; };
		74C580DF147AF4990089F1AD /* RootViewController.m */ = {isa = PBXFileReference; fileEncoding = 4; lastKnownFileType = sourcecode.c.objc; path = RootViewController.m; sourceTree = "<group>"; };
		74C580E0147AF4990089F1AD /* RootViewController.xib */ = {isa = PBXFileReference; fileEncoding = 4; lastKnownFileType = file.xib; path = RootViewController.xib; sourceTree = "<group>"; };
		74C580F4147B1D050089F1AD /* BookViewController.h */ = {isa = PBXFileReference; fileEncoding = 4; lastKnownFileType = sourcecode.c.h; path = BookViewController.h; sourceTree = "<group>"; };
		74C580F5147B1D050089F1AD /* BookViewController.m */ = {isa = PBXFileReference; fileEncoding = 4; lastKnownFileType = sourcecode.c.objc; path = BookViewController.m; sourceTree = "<group>"; };
		74C580F6147B1D050089F1AD /* BookViewController.xib */ = {isa = PBXFileReference; fileEncoding = 4; lastKnownFileType = file.xib; path = BookViewController.xib; sourceTree = "<group>"; };
		74C580FC147B23CB0089F1AD /* RandomViewController.h */ = {isa = PBXFileReference; fileEncoding = 4; lastKnownFileType = sourcecode.c.h; path = RandomViewController.h; sourceTree = "<group>"; };
		74C580FD147B23CB0089F1AD /* RandomViewController.m */ = {isa = PBXFileReference; fileEncoding = 4; lastKnownFileType = sourcecode.c.objc; path = RandomViewController.m; sourceTree = "<group>"; };
		74C580FE147B23CB0089F1AD /* RandomViewController.xib */ = {isa = PBXFileReference; fileEncoding = 4; lastKnownFileType = file.xib; path = RandomViewController.xib; sourceTree = "<group>"; };
/* End PBXFileReference section */

/* Begin PBXFrameworksBuildPhase section */
		748D78E9147AF3A6005DA8BB /* Frameworks */ = {
			isa = PBXFrameworksBuildPhase;
			buildActionMask = 2147483647;
			files = (
				748D78F1147AF3A6005DA8BB /* UIKit.framework in Frameworks */,
				748D78F3147AF3A6005DA8BB /* Foundation.framework in Frameworks */,
				748D78F5147AF3A6005DA8BB /* CoreGraphics.framework in Frameworks */,
			);
			runOnlyForDeploymentPostprocessing = 0;
		};
/* End PBXFrameworksBuildPhase section */

/* Begin PBXGroup section */
		748D78E1147AF3A6005DA8BB = {
			isa = PBXGroup;
			children = (
				748D78F6147AF3A6005DA8BB /* TableView */,
				748D78EF147AF3A6005DA8BB /* Frameworks */,
				748D78ED147AF3A6005DA8BB /* Products */,
			);
			sourceTree = "<group>";
		};
		748D78ED147AF3A6005DA8BB /* Products */ = {
			isa = PBXGroup;
			children = (
				748D78EC147AF3A6005DA8BB /* TableView.app */,
			);
			name = Products;
			sourceTree = "<group>";
		};
		748D78EF147AF3A6005DA8BB /* Frameworks */ = {
			isa = PBXGroup;
			children = (
				748D78F0147AF3A6005DA8BB /* UIKit.framework */,
				748D78F2147AF3A6005DA8BB /* Foundation.framework */,
				748D78F4147AF3A6005DA8BB /* CoreGraphics.framework */,
			);
			name = Frameworks;
			sourceTree = "<group>";
		};
		748D78F6147AF3A6005DA8BB /* TableView */ = {
			isa = PBXGroup;
			children = (
				748D78FF147AF3A6005DA8BB /* TableViewAppDelegate.h */,
				748D7900147AF3A6005DA8BB /* TableViewAppDelegate.m */,
				74C580DE147AF4990089F1AD /* RootViewController.h */,
				74C580DF147AF4990089F1AD /* RootViewController.m */,
				74C580E0147AF4990089F1AD /* RootViewController.xib */,
				74C580F4147B1D050089F1AD /* BookViewController.h */,
				74C580F5147B1D050089F1AD /* BookViewController.m */,
				74C580F6147B1D050089F1AD /* BookViewController.xib */,
				74C580FC147B23CB0089F1AD /* RandomViewController.h */,
				74C580FD147B23CB0089F1AD /* RandomViewController.m */,
				74C580FE147B23CB0089F1AD /* RandomViewController.xib */,
				748D78F7147AF3A6005DA8BB /* Supporting Files */,
			);
			path = TableView;
			sourceTree = "<group>";
		};
		748D78F7147AF3A6005DA8BB /* Supporting Files */ = {
			isa = PBXGroup;
			children = (
				748D78F8147AF3A6005DA8BB /* TableView-Info.plist */,
				748D78F9147AF3A6005DA8BB /* InfoPlist.strings */,
				748D78FC147AF3A6005DA8BB /* main.m */,
				748D78FE147AF3A6005DA8BB /* TableView-Prefix.pch */,
			);
			name = "Supporting Files";
			sourceTree = "<group>";
		};
/* End PBXGroup section */

/* Begin PBXNativeTarget section */
		748D78EB147AF3A6005DA8BB /* TableView */ = {
			isa = PBXNativeTarget;
			buildConfigurationList = 748D7904147AF3A6005DA8BB /* Build configuration list for PBXNativeTarget "TableView" */;
			buildPhases = (
				748D78E8147AF3A6005DA8BB /* Sources */,
				748D78E9147AF3A6005DA8BB /* Frameworks */,
				748D78EA147AF3A6005DA8BB /* Resources */,
			);
			buildRules = (
			);
			dependencies = (
			);
			name = TableView;
			productName = TableView;
			productReference = 748D78EC147AF3A6005DA8BB /* TableView.app */;
			productType = "com.apple.product-type.application";
		};
/* End PBXNativeTarget section */

/* Begin PBXProject section */
		748D78E3147AF3A6005DA8BB /* Project object */ = {
			isa = PBXProject;
			attributes = {
				LastUpgradeCheck = 0420;
			};
			buildConfigurationList = 748D78E6147AF3A6005DA8BB /* Build configuration list for PBXProject "TableView" */;
			compatibilityVersion = "Xcode 3.2";
			developmentRegion = English;
			hasScannedForEncodings = 0;
			knownRegions = (
				en,
			);
			mainGroup = 748D78E1147AF3A6005DA8BB;
			productRefGroup = 748D78ED147AF3A6005DA8BB /* Products */;
			projectDirPath = "";
			projectRoot = "";
			targets = (
				748D78EB147AF3A6005DA8BB /* TableView */,
			);
		};
/* End PBXProject section */

/* Begin PBXResourcesBuildPhase section */
		748D78EA147AF3A6005DA8BB /* Resources */ = {
			isa = PBXResourcesBuildPhase;
			buildActionMask = 2147483647;
			files = (
				748D78FB147AF3A6005DA8BB /* InfoPlist.strings in Resources */,
				74C580E2147AF4990089F1AD /* RootViewController.xib in Resources */,
				74C580F8147B1D050089F1AD /* BookViewController.xib in Resources */,
				74C58100147B23CB0089F1AD /* RandomViewController.xib in Resources */,
			);
			runOnlyForDeploymentPostprocessing = 0;
		};
/* End PBXResourcesBuildPhase section */

/* Begin PBXSourcesBuildPhase section */
		748D78E8147AF3A6005DA8BB /* Sources */ = {
			isa = PBXSourcesBuildPhase;
			buildActionMask = 2147483647;
			files = (
				748D78FD147AF3A6005DA8BB /* main.m in Sources */,
				748D7901147AF3A6005DA8BB /* TableViewAppDelegate.m in Sources */,
				74C580E1147AF4990089F1AD /* RootViewController.m in Sources */,
				74C580F7147B1D050089F1AD /* BookViewController.m in Sources */,
				74C580FF147B23CB0089F1AD /* RandomViewController.m in Sources */,
			);
			runOnlyForDeploymentPostprocessing = 0;
		};
/* End PBXSourcesBuildPhase section */

/* Begin PBXVariantGroup section */
		748D78F9147AF3A6005DA8BB /* InfoPlist.strings */ = {
			isa = PBXVariantGroup;
			children = (
				748D78FA147AF3A6005DA8BB /* en */,
			);
			name = InfoPlist.strings;
			sourceTree = "<group>";
		};
/* End PBXVariantGroup section */

/* Begin XCBuildConfiguration section */
		748D7902147AF3A6005DA8BB /* Debug */ = {
			isa = XCBuildConfiguration;
			buildSettings = {
				ALWAYS_SEARCH_USER_PATHS = NO;
				ARCHS = "$(ARCHS_STANDARD_32_BIT)";
				CLANG_ENABLE_OBJC_ARC = YES;
				"CODE_SIGN_IDENTITY[sdk=iphoneos*]" = "iPhone Developer";
				COPY_PHASE_STRIP = NO;
				GCC_C_LANGUAGE_STANDARD = gnu99;
				GCC_DYNAMIC_NO_PIC = NO;
				GCC_OPTIMIZATION_LEVEL = 0;
				GCC_PREPROCESSOR_DEFINITIONS = (
					"DEBUG=1",
					"$(inherited)",
				);
				GCC_SYMBOLS_PRIVATE_EXTERN = NO;
				GCC_VERSION = com.apple.compilers.llvm.clang.1_0;
				GCC_WARN_ABOUT_MISSING_PROTOTYPES = YES;
				GCC_WARN_ABOUT_RETURN_TYPE = YES;
				GCC_WARN_UNUSED_VARIABLE = YES;
				IPHONEOS_DEPLOYMENT_TARGET = 5.0;
				SDKROOT = iphoneos;
			};
			name = Debug;
		};
		748D7903147AF3A6005DA8BB /* Release */ = {
			isa = XCBuildConfiguration;
			buildSettings = {
				ALWAYS_SEARCH_USER_PATHS = NO;
				ARCHS = "$(ARCHS_STANDARD_32_BIT)";
				CLANG_ENABLE_OBJC_ARC = YES;
				"CODE_SIGN_IDENTITY[sdk=iphoneos*]" = "iPhone Developer";
				COPY_PHASE_STRIP = YES;
				GCC_C_LANGUAGE_STANDARD = gnu99;
				GCC_VERSION = com.apple.compilers.llvm.clang.1_0;
				GCC_WARN_ABOUT_MISSING_PROTOTYPES = YES;
				GCC_WARN_ABOUT_RETURN_TYPE = YES;
				GCC_WARN_UNUSED_VARIABLE = YES;
				IPHONEOS_DEPLOYMENT_TARGET = 5.0;
				OTHER_CFLAGS = "-DNS_BLOCK_ASSERTIONS=1";
				SDKROOT = iphoneos;
				VALIDATE_PRODUCT = YES;
			};
			name = Release;
		};
		748D7905147AF3A6005DA8BB /* Debug */ = {
			isa = XCBuildConfiguration;
			buildSettings = {
				GCC_PRECOMPILE_PREFIX_HEADER = YES;
				GCC_PREFIX_HEADER = "TableView/TableView-Prefix.pch";
				INFOPLIST_FILE = "TableView/TableView-Info.plist";
				PRODUCT_NAME = "$(TARGET_NAME)";
				WRAPPER_EXTENSION = app;
			};
			name = Debug;
		};
		748D7906147AF3A6005DA8BB /* Release */ = {
			isa = XCBuildConfiguration;
			buildSettings = {
				GCC_PRECOMPILE_PREFIX_HEADER = YES;
				GCC_PREFIX_HEADER = "TableView/TableView-Prefix.pch";
				INFOPLIST_FILE = "TableView/TableView-Info.plist";
				PRODUCT_NAME = "$(TARGET_NAME)";
				WRAPPER_EXTENSION = app;
			};
			name = Release;
		};
/* End XCBuildConfiguration section */

/* Begin XCConfigurationList section */
		748D78E6147AF3A6005DA8BB /* Build configuration list for PBXProject "TableView" */ = {
			isa = XCConfigurationList;
			buildConfigurations = (
				748D7902147AF3A6005DA8BB /* Debug */,
				748D7903147AF3A6005DA8BB /* Release */,
			);
			defaultConfigurationIsVisible = 0;
			defaultConfigurationName = Release;
		};
		748D7904147AF3A6005DA8BB /* Build configuration list for PBXNativeTarget "TableView" */ = {
			isa = XCConfigurationList;
			buildConfigurations = (
				748D7905147AF3A6005DA8BB /* Debug */,
				748D7906147AF3A6005DA8BB /* Release */,
			);
			defaultConfigurationIsVisible = 0;
			defaultConfigurationName = Release;
		};
/* End XCConfigurationList section */
	};
	rootObject = 748D78E3147AF3A6005DA8BB /* Project object */;
}
